
Microsoft Visual Studio Solution File, Format Version 12.00
# Visual Studio Version 16
VisualStudioVersion = 16.0.30523.141
MinimumVisualStudioVersion = 10.0.40219.1
Project("{FAE04EC0-301F-11D3-BF4B-00C04F79EFBC}") = "AdventOfCode2020", "AdventOfCode2020\AdventOfCode2020.csproj", "{AEF820F5-B188-4342-A915-F940726C12CF}"
EndProject
Global
	GlobalSection(SolutionConfigurationPlatforms) = preSolution
		Debug|Any CPU = Debug|Any CPU
		Release|Any CPU = Release|Any CPU
	EndGlobalSection
	GlobalSection(ProjectConfigurationPlatforms) = postSolution
		{AEF820F5-B188-4342-A915-F940726C12CF}.Debug|Any CPU.ActiveCfg = Debug|Any CPU
		{AEF820F5-B188-4342-A915-F940726C12CF}.Debug|Any CPU.Build.0 = Debug|Any CPU
		{AEF820F5-B188-4342-A915-F940726C12CF}.Release|Any CPU.ActiveCfg = Release|Any CPU
		{AEF820F5-B188-4342-A915-F940726C12CF}.Release|Any CPU.Build.0 = Release|Any CPU
	EndGlobalSection
	GlobalSection(SolutionProperties) = preSolution
		HideSolutionNode = FALSE
	EndGlobalSection
	GlobalSection(ExtensibilityGlobals) = postSolution
		SolutionGuid = {CD2FEBB9-0A43-47A5-879D-F46B105B1C68}
	EndGlobalSection
EndGlobal
